// !$*UTF8*$!
{
	archiveVersion = 1;
	classes = {
	};
	objectVersion = 46;
	objects = {

/* Begin PBXBuildFile section */
		89BBDBCB15AA767800475A56 /* gaben1.png in Resources */ = {isa = PBXBuildFile; fileRef = 89BBDBCA15AA767800475A56 /* gaben1.png */; };
		DD1B616515AE3F870087991C /* gaben1Top.png in Resources */ = {isa = PBXBuildFile; fileRef = DD1B616415AE3F870087991C /* gaben1Top.png */; };
		DD55833715AE8C1300E4B6D4 /* CoreImage.framework in Frameworks */ = {isa = PBXBuildFile; fileRef = DD55833615AE8C1300E4B6D4 /* CoreImage.framework */; };
		DD55833A15AE8C2B00E4B6D4 /* ImageIO.framework in Frameworks */ = {isa = PBXBuildFile; fileRef = DD55833915AE8C2B00E4B6D4 /* ImageIO.framework */; };
		DD55833C15AE8C3200E4B6D4 /* QuartzCore.framework in Frameworks */ = {isa = PBXBuildFile; fileRef = DD55833B15AE8C3200E4B6D4 /* QuartzCore.framework */; };
		DD55833E15AE8C4300E4B6D4 /* CoreMedia.framework in Frameworks */ = {isa = PBXBuildFile; fileRef = DD55833D15AE8C4300E4B6D4 /* CoreMedia.framework */; };
		DD55834215AE8C5E00E4B6D4 /* CoreVideo.framework in Frameworks */ = {isa = PBXBuildFile; fileRef = DD55834115AE8C5E00E4B6D4 /* CoreVideo.framework */; };
		DDC8CC0615AE6C330008A296 /* AVFoundation.framework in Frameworks */ = {isa = PBXBuildFile; fileRef = DDC8CC0515AE6C330008A296 /* AVFoundation.framework */; };
		DDCCEF8115904EF700B390B9 /* UIKit.framework in Frameworks */ = {isa = PBXBuildFile; fileRef = DDCCEF8015904EF700B390B9 /* UIKit.framework */; };
		DDCCEF8315904EF700B390B9 /* Foundation.framework in Frameworks */ = {isa = PBXBuildFile; fileRef = DDCCEF8215904EF700B390B9 /* Foundation.framework */; };
		DDCCEF8515904EF700B390B9 /* CoreGraphics.framework in Frameworks */ = {isa = PBXBuildFile; fileRef = DDCCEF8415904EF700B390B9 /* CoreGraphics.framework */; };
		DDCCEF8B15904EF700B390B9 /* InfoPlist.strings in Resources */ = {isa = PBXBuildFile; fileRef = DDCCEF8915904EF700B390B9 /* InfoPlist.strings */; };
		DDCCEF8D15904EF700B390B9 /* main.m in Sources */ = {isa = PBXBuildFile; fileRef = DDCCEF8C15904EF700B390B9 /* main.m */; };
		DDCCEF9115904EF700B390B9 /* AppDelegate.m in Sources */ = {isa = PBXBuildFile; fileRef = DDCCEF9015904EF700B390B9 /* AppDelegate.m */; };
		DDCCEF9415904EF700B390B9 /* MainStoryboard.storyboard in Resources */ = {isa = PBXBuildFile; fileRef = DDCCEF9215904EF700B390B9 /* MainStoryboard.storyboard */; };
		DDCCEF9715904EF700B390B9 /* ViewController.m in Sources */ = {isa = PBXBuildFile; fileRef = DDCCEF9615904EF700B390B9 /* ViewController.m */; };
		DDCCEFA215904FE700B390B9 /* gaben.png in Resources */ = {isa = PBXBuildFile; fileRef = DDCCEFA115904FE700B390B9 /* gaben.png */; };
		DDCCEFA91590534700B390B9 /* Icon-iPad.png in Resources */ = {isa = PBXBuildFile; fileRef = DDCCEFA81590534700B390B9 /* Icon-iPad.png */; };
		DDCCEFAB159053EB00B390B9 /* Icon.png in Resources */ = {isa = PBXBuildFile; fileRef = DDCCEFAA159053EB00B390B9 /* Icon.png */; };
/* End PBXBuildFile section */

/* Begin PBXFileReference section */
		89BBDBCA15AA767800475A56 /* gaben1.png */ = {isa = PBXFileReference; lastKnownFileType = image.png; path = gaben1.png; sourceTree = "<group>"; };
		DD1B616415AE3F870087991C /* gaben1Top.png */ = {isa = PBXFileReference; lastKnownFileType = image.png; path = gaben1Top.png; sourceTree = "<group>"; };
		DD55833615AE8C1300E4B6D4 /* CoreImage.framework */ = {isa = PBXFileReference; lastKnownFileType = wrapper.framework; name = CoreImage.framework; path = System/Library/Frameworks/CoreImage.framework; sourceTree = SDKROOT; };
		DD55833915AE8C2B00E4B6D4 /* ImageIO.framework */ = {isa = PBXFileReference; lastKnownFileType = wrapper.framework; name = ImageIO.framework; path = System/Library/Frameworks/ImageIO.framework; sourceTree = SDKROOT; };
		DD55833B15AE8C3200E4B6D4 /* QuartzCore.framework */ = {isa = PBXFileReference; lastKnownFileType = wrapper.framework; name = QuartzCore.framework; path = System/Library/Frameworks/QuartzCore.framework; sourceTree = SDKROOT; };
		DD55833D15AE8C4300E4B6D4 /* CoreMedia.framework */ = {isa = PBXFileReference; lastKnownFileType = wrapper.framework; name = CoreMedia.framework; path = System/Library/Frameworks/CoreMedia.framework; sourceTree = SDKROOT; };
		DD55833F15AE8C5000E4B6D4 /* AssetsLibrary.framework */ = {isa = PBXFileReference; lastKnownFileType = wrapper.framework; name = AssetsLibrary.framework; path = System/Library/Frameworks/AssetsLibrary.framework; sourceTree = SDKROOT; };
		DD55834115AE8C5E00E4B6D4 /* CoreVideo.framework */ = {isa = PBXFileReference; lastKnownFileType = wrapper.framework; name = CoreVideo.framework; path = System/Library/Frameworks/CoreVideo.framework; sourceTree = SDKROOT; };
		DDC8CC0515AE6C330008A296 /* AVFoundation.framework */ = {isa = PBXFileReference; lastKnownFileType = wrapper.framework; name = AVFoundation.framework; path = System/Library/Frameworks/AVFoundation.framework; sourceTree = SDKROOT; };
		DDCCEF7C15904EF700B390B9 /* gaben.app */ = {isa = PBXFileReference; explicitFileType = wrapper.application; includeInIndex = 0; path = gaben.app; sourceTree = BUILT_PRODUCTS_DIR; };
		DDCCEF8015904EF700B390B9 /* UIKit.framework */ = {isa = PBXFileReference; lastKnownFileType = wrapper.framework; name = UIKit.framework; path = System/Library/Frameworks/UIKit.framework; sourceTree = SDKROOT; };
		DDCCEF8215904EF700B390B9 /* Foundation.framework */ = {isa = PBXFileReference; lastKnownFileType = wrapper.framework; name = Foundation.framework; path = System/Library/Frameworks/Foundation.framework; sourceTree = SDKROOT; };
		DDCCEF8415904EF700B390B9 /* CoreGraphics.framework */ = {isa = PBXFileReference; lastKnownFileType = wrapper.framework; name = CoreGraphics.framework; path = System/Library/Frameworks/CoreGraphics.framework; sourceTree = SDKROOT; };
		DDCCEF8815904EF700B390B9 /* gaben-Info.plist */ = {isa = PBXFileReference; lastKnownFileType = text.plist.xml; path = "gaben-Info.plist"; sourceTree = "<group>"; };
		DDCCEF8A15904EF700B390B9 /* en */ = {isa = PBXFileReference; lastKnownFileType = text.plist.strings; name = en; path = en.lproj/InfoPlist.strings; sourceTree = "<group>"; };
		DDCCEF8C15904EF700B390B9 /* main.m */ = {isa = PBXFileReference; lastKnownFileType = sourcecode.c.objc; path = main.m; sourceTree = "<group>"; };
		DDCCEF8E15904EF700B390B9 /* gaben-Prefix.pch */ = {isa = PBXFileReference; lastKnownFileType = sourcecode.c.h; path = "gaben-Prefix.pch"; sourceTree = "<group>"; };
		DDCCEF8F15904EF700B390B9 /* AppDelegate.h */ = {isa = PBXFileReference; lastKnownFileType = sourcecode.c.h; path = AppDelegate.h; sourceTree = "<group>"; };
		DDCCEF9015904EF700B390B9 /* AppDelegate.m */ = {isa = PBXFileReference; lastKnownFileType = sourcecode.c.objc; path = AppDelegate.m; sourceTree = "<group>"; };
		DDCCEF9315904EF700B390B9 /* en */ = {isa = PBXFileReference; lastKnownFileType = file.storyboard; name = en; path = en.lproj/MainStoryboard.storyboard; sourceTree = "<group>"; };
		DDCCEF9515904EF700B390B9 /* ViewController.h */ = {isa = PBXFileReference; lastKnownFileType = sourcecode.c.h; path = ViewController.h; sourceTree = "<group>"; };
		DDCCEF9615904EF700B390B9 /* ViewController.m */ = {isa = PBXFileReference; lastKnownFileType = sourcecode.c.objc; path = ViewController.m; sourceTree = "<group>"; };
		DDCCEFA115904FE700B390B9 /* gaben.png */ = {isa = PBXFileReference; lastKnownFileType = image.png; path = gaben.png; sourceTree = "<group>"; };
		DDCCEFA81590534700B390B9 /* Icon-iPad.png */ = {isa = PBXFileReference; lastKnownFileType = image.png; path = "Icon-iPad.png"; sourceTree = "<group>"; };
		DDCCEFAA159053EB00B390B9 /* Icon.png */ = {isa = PBXFileReference; lastKnownFileType = image.png; path = Icon.png; sourceTree = "<group>"; };
/* End PBXFileReference section */

/* Begin PBXFrameworksBuildPhase section */
		DDCCEF7915904EF700B390B9 /* Frameworks */ = {
			isa = PBXFrameworksBuildPhase;
			buildActionMask = 2147483647;
			files = (
				DD55834215AE8C5E00E4B6D4 /* CoreVideo.framework in Frameworks */,
				DD55833E15AE8C4300E4B6D4 /* CoreMedia.framework in Frameworks */,
				DD55833C15AE8C3200E4B6D4 /* QuartzCore.framework in Frameworks */,
				DD55833A15AE8C2B00E4B6D4 /* ImageIO.framework in Frameworks */,
				DD55833715AE8C1300E4B6D4 /* CoreImage.framework in Frameworks */,
				DDC8CC0615AE6C330008A296 /* AVFoundation.framework in Frameworks */,
				DDCCEF8115904EF700B390B9 /* UIKit.framework in Frameworks */,
				DDCCEF8315904EF700B390B9 /* Foundation.framework in Frameworks */,
				DDCCEF8515904EF700B390B9 /* CoreGraphics.framework in Frameworks */,
			);
			runOnlyForDeploymentPostprocessing = 0;
		};
/* End PBXFrameworksBuildPhase section */

/* Begin PBXGroup section */
		DDCCEF7115904EF700B390B9 = {
			isa = PBXGroup;
			children = (
				DD55834115AE8C5E00E4B6D4 /* CoreVideo.framework */,
				DD55833F15AE8C5000E4B6D4 /* AssetsLibrary.framework */,
				DD55833D15AE8C4300E4B6D4 /* CoreMedia.framework */,
				DD55833B15AE8C3200E4B6D4 /* QuartzCore.framework */,
				DD55833915AE8C2B00E4B6D4 /* ImageIO.framework */,
				DDCCEFAA159053EB00B390B9 /* Icon.png */,
				DDCCEFA81590534700B390B9 /* Icon-iPad.png */,
				DDCCEF8615904EF700B390B9 /* gaben */,
				DDCCEF7F15904EF700B390B9 /* Frameworks */,
				DDCCEF7D15904EF700B390B9 /* Products */,
			);
			sourceTree = "<group>";
		};
		DDCCEF7D15904EF700B390B9 /* Products */ = {
			isa = PBXGroup;
			children = (
				DDCCEF7C15904EF700B390B9 /* gaben.app */,
			);
			name = Products;
			sourceTree = "<group>";
		};
		DDCCEF7F15904EF700B390B9 /* Frameworks */ = {
			isa = PBXGroup;
			children = (
				DD55833615AE8C1300E4B6D4 /* CoreImage.framework */,
				DDC8CC0515AE6C330008A296 /* AVFoundation.framework */,
				DDCCEF8015904EF700B390B9 /* UIKit.framework */,
				DDCCEF8215904EF700B390B9 /* Foundation.framework */,
				DDCCEF8415904EF700B390B9 /* CoreGraphics.framework */,
			);
			name = Frameworks;
			sourceTree = "<group>";
		};
		DDCCEF8615904EF700B390B9 /* gaben */ = {
			isa = PBXGroup;
			children = (
				DDCCEF8F15904EF700B390B9 /* AppDelegate.h */,
				DDCCEF9015904EF700B390B9 /* AppDelegate.m */,
				DDCCEF9215904EF700B390B9 /* MainStoryboard.storyboard */,
				DDCCEF9515904EF700B390B9 /* ViewController.h */,
				DDCCEF9615904EF700B390B9 /* ViewController.m */,
				DDCCEF8715904EF700B390B9 /* Supporting Files */,
			);
			path = gaben;
			sourceTree = "<group>";
		};
		DDCCEF8715904EF700B390B9 /* Supporting Files */ = {
			isa = PBXGroup;
			children = (
				DDCCEFA115904FE700B390B9 /* gaben.png */,
				89BBDBCA15AA767800475A56 /* gaben1.png */,
				DD1B616415AE3F870087991C /* gaben1Top.png */,
				DDCCEF8815904EF700B390B9 /* gaben-Info.plist */,
				DDCCEF8915904EF700B390B9 /* InfoPlist.strings */,
				DDCCEF8C15904EF700B390B9 /* main.m */,
				DDCCEF8E15904EF700B390B9 /* gaben-Prefix.pch */,
			);
			name = "Supporting Files";
			sourceTree = "<group>";
		};
/* End PBXGroup section */

/* Begin PBXNativeTarget section */
		DDCCEF7B15904EF700B390B9 /* gaben */ = {
			isa = PBXNativeTarget;
			buildConfigurationList = DDCCEF9A15904EF700B390B9 /* Build configuration list for PBXNativeTarget "gaben" */;
			buildPhases = (
				DDCCEF7815904EF700B390B9 /* Sources */,
				DDCCEF7915904EF700B390B9 /* Frameworks */,
				DDCCEF7A15904EF700B390B9 /* Resources */,
			);
			buildRules = (
			);
			dependencies = (
			);
			name = gaben;
			productName = gaben;
			productReference = DDCCEF7C15904EF700B390B9 /* gaben.app */;
			productType = "com.apple.product-type.application";
		};
/* End PBXNativeTarget section */

/* Begin PBXProject section */
		DDCCEF7315904EF700B390B9 /* Project object */ = {
			isa = PBXProject;
			attributes = {
				LastUpgradeCheck = 0430;
			};
			buildConfigurationList = DDCCEF7615904EF700B390B9 /* Build configuration list for PBXProject "gaben" */;
			compatibilityVersion = "Xcode 3.2";
			developmentRegion = English;
			hasScannedForEncodings = 0;
			knownRegions = (
				en,
			);
			mainGroup = DDCCEF7115904EF700B390B9;
			productRefGroup = DDCCEF7D15904EF700B390B9 /* Products */;
			projectDirPath = "";
			projectRoot = "";
			targets = (
				DDCCEF7B15904EF700B390B9 /* gaben */,
			);
		};
/* End PBXProject section */

/* Begin PBXResourcesBuildPhase section */
		DDCCEF7A15904EF700B390B9 /* Resources */ = {
			isa = PBXResourcesBuildPhase;
			buildActionMask = 2147483647;
			files = (
				DDCCEF8B15904EF700B390B9 /* InfoPlist.strings in Resources */,
				DDCCEF9415904EF700B390B9 /* MainStoryboard.storyboard in Resources */,
				DDCCEFA215904FE700B390B9 /* gaben.png in Resources */,
				DDCCEFA91590534700B390B9 /* Icon-iPad.png in Resources */,
				DDCCEFAB159053EB00B390B9 /* Icon.png in Resources */,
				89BBDBCB15AA767800475A56 /* gaben1.png in Resources */,
				DD1B616515AE3F870087991C /* gaben1Top.png in Resources */,
			);
			runOnlyForDeploymentPostprocessing = 0;
		};
/* End PBXResourcesBuildPhase section */

/* Begin PBXSourcesBuildPhase section */
		DDCCEF7815904EF700B390B9 /* Sources */ = {
			isa = PBXSourcesBuildPhase;
			buildActionMask = 2147483647;
			files = (
				DDCCEF8D15904EF700B390B9 /* main.m in Sources */,
				DDCCEF9115904EF700B390B9 /* AppDelegate.m in Sources */,
				DDCCEF9715904EF700B390B9 /* ViewController.m in Sources */,
			);
			runOnlyForDeploymentPostprocessing = 0;
		};
/* End PBXSourcesBuildPhase section */

/* Begin PBXVariantGroup section */
		DDCCEF8915904EF700B390B9 /* InfoPlist.strings */ = {
			isa = PBXVariantGroup;
			children = (
				DDCCEF8A15904EF700B390B9 /* en */,
			);
			name = InfoPlist.strings;
			sourceTree = "<group>";
		};
		DDCCEF9215904EF700B390B9 /* MainStoryboard.storyboard */ = {
			isa = PBXVariantGroup;
			children = (
				DDCCEF9315904EF700B390B9 /* en */,
			);
			name = MainStoryboard.storyboard;
			sourceTree = "<group>";
		};
/* End PBXVariantGroup section */

/* Begin XCBuildConfiguration section */
		DDCCEF9815904EF700B390B9 /* Debug */ = {
			isa = XCBuildConfiguration;
			buildSettings = {
				ALWAYS_SEARCH_USER_PATHS = NO;
				ARCHS = "$(ARCHS_STANDARD_32_BIT)";
				CLANG_ENABLE_OBJC_ARC = YES;
				CODE_SIGN_IDENTITY = "";
				"CODE_SIGN_IDENTITY[sdk=iphoneos*]" = "iPhone Developer";
				COPY_PHASE_STRIP = NO;
				GCC_C_LANGUAGE_STANDARD = gnu99;
				GCC_DYNAMIC_NO_PIC = NO;
				GCC_OPTIMIZATION_LEVEL = 0;
				GCC_PREPROCESSOR_DEFINITIONS = (
					"DEBUG=1",
					"$(inherited)",
				);
				GCC_SYMBOLS_PRIVATE_EXTERN = NO;
				GCC_VERSION = com.apple.compilers.llvm.clang.1_0;
				GCC_WARN_ABOUT_RETURN_TYPE = YES;
				GCC_WARN_UNINITIALIZED_AUTOS = YES;
				GCC_WARN_UNUSED_VARIABLE = YES;
				IPHONEOS_DEPLOYMENT_TARGET = 5.1;
				SDKROOT = iphoneos;
				TARGETED_DEVICE_FAMILY = 2;
			};
			name = Debug;
		};
		DDCCEF9915904EF700B390B9 /* Release */ = {
			isa = XCBuildConfiguration;
			buildSettings = {
				ALWAYS_SEARCH_USER_PATHS = NO;
				ARCHS = "$(ARCHS_STANDARD_32_BIT)";
				CLANG_ENABLE_OBJC_ARC = YES;
				"CODE_SIGN_IDENTITY[sdk=iphoneos*]" = "iPhone Developer";
				COPY_PHASE_STRIP = YES;
				GCC_C_LANGUAGE_STANDARD = gnu99;
				GCC_VERSION = com.apple.compilers.llvm.clang.1_0;
				GCC_WARN_ABOUT_RETURN_TYPE = YES;
				GCC_WARN_UNINITIALIZED_AUTOS = YES;
				GCC_WARN_UNUSED_VARIABLE = YES;
				IPHONEOS_DEPLOYMENT_TARGET = 5.1;
				OTHER_CFLAGS = "-DNS_BLOCK_ASSERTIONS=1";
				SDKROOT = iphoneos;
				TARGETED_DEVICE_FAMILY = 2;
				VALIDATE_PRODUCT = YES;
			};
			name = Release;
		};
		DDCCEF9B15904EF700B390B9 /* Debug */ = {
			isa = XCBuildConfiguration;
			buildSettings = {
				CODE_SIGN_IDENTITY = "iPhone Developer";
				"CODE_SIGN_IDENTITY[sdk=iphoneos*]" = "iPhone Developer";
				GCC_PRECOMPILE_PREFIX_HEADER = YES;
				GCC_PREFIX_HEADER = "gaben/gaben-Prefix.pch";
				INFOPLIST_FILE = "gaben/gaben-Info.plist";
				PRODUCT_NAME = "$(TARGET_NAME)";
				PROVISIONING_PROFILE = "";
				"PROVISIONING_PROFILE[sdk=iphoneos*]" = "";
				WRAPPER_EXTENSION = app;
			};
			name = Debug;
		};
		DDCCEF9C15904EF700B390B9 /* Release */ = {
			isa = XCBuildConfiguration;
			buildSettings = {
				CODE_SIGN_IDENTITY = "iPhone Developer";
				"CODE_SIGN_IDENTITY[sdk=iphoneos*]" = "iPhone Developer";
				GCC_PRECOMPILE_PREFIX_HEADER = YES;
				GCC_PREFIX_HEADER = "gaben/gaben-Prefix.pch";
				INFOPLIST_FILE = "gaben/gaben-Info.plist";
				PRODUCT_NAME = "$(TARGET_NAME)";
				PROVISIONING_PROFILE = "";
				"PROVISIONING_PROFILE[sdk=iphoneos*]" = "";
				WRAPPER_EXTENSION = app;
			};
			name = Release;
		};
/* End XCBuildConfiguration section */

/* Begin XCConfigurationList section */
		DDCCEF7615904EF700B390B9 /* Build configuration list for PBXProject "gaben" */ = {
			isa = XCConfigurationList;
			buildConfigurations = (
				DDCCEF9815904EF700B390B9 /* Debug */,
				DDCCEF9915904EF700B390B9 /* Release */,
			);
			defaultConfigurationIsVisible = 0;
			defaultConfigurationName = Release;
		};
		DDCCEF9A15904EF700B390B9 /* Build configuration list for PBXNativeTarget "gaben" */ = {
			isa = XCConfigurationList;
			buildConfigurations = (
				DDCCEF9B15904EF700B390B9 /* Debug */,
				DDCCEF9C15904EF700B390B9 /* Release */,
			);
			defaultConfigurationIsVisible = 0;
			defaultConfigurationName = Release;
		};
/* End XCConfigurationList section */
	};
	rootObject = DDCCEF7315904EF700B390B9 /* Project object */;
}
